
Microsoft Visual Studio Solution File, Format Version 12.00
# Visual Studio Version 17
VisualStudioVersion = 17.7.34221.43
MinimumVisualStudioVersion = 10.0.40219.1
Project("{FAE04EC0-301F-11D3-BF4B-00C04F79EFBC}") = "VegaJuego", "VegaJuego\VegaJuego.csproj", "{362BC4D4-8CDE-4F4D-AD8A-41155D293906}"
EndProject
Global
	GlobalSection(SolutionConfigurationPlatforms) = preSolution
		Debug|Any CPU = Debug|Any CPU
		Release|Any CPU = Release|Any CPU
	EndGlobalSection
	GlobalSection(ProjectConfigurationPlatforms) = postSolution
		{362BC4D4-8CDE-4F4D-AD8A-41155D293906}.Debug|Any CPU.ActiveCfg = Debug|Any CPU
		{362BC4D4-8CDE-4F4D-AD8A-41155D293906}.Debug|Any CPU.Build.0 = Debug|Any CPU
		{362BC4D4-8CDE-4F4D-AD8A-41155D293906}.Release|Any CPU.ActiveCfg = Release|Any CPU
		{362BC4D4-8CDE-4F4D-AD8A-41155D293906}.Release|Any CPU.Build.0 = Release|Any CPU
	EndGlobalSection
	GlobalSection(SolutionProperties) = preSolution
		HideSolutionNode = FALSE
	EndGlobalSection
	GlobalSection(ExtensibilityGlobals) = postSolution
		SolutionGuid = {3E7BDD29-5E33-4A08-9B9D-1175F70B003A}
	EndGlobalSection
EndGlobal
